<?xml version="1.0" encoding="utf-8"?>
<Project ToolsVersion="4.0" xmlns="http://schemas.microsoft.com/developer/msbuild/2003">
  <ItemGroup>
    <Filter Include="Core">
      <UniqueIdentifier>{2EB4837C-1AEB-840D-C3D7-6A10AFED000F}</UniqueIdentifier>
    </Filter>
    <Filter Include="Math">
      <UniqueIdentifier>{AFF4887C-9B2B-8A0D-4418-7010302E060F}</UniqueIdentifier>
    </Filter>
  </ItemGroup>
  <ItemGroup>
    <ClCompile Include="Core\StringUtilsTests.cpp">
      <Filter>Core</Filter>
    </ClCompile>
    <ClCompile Include="Math\VectorTests.cpp">
      <Filter>Math</Filter>
    </ClCompile>
    <ClCompile Include="TestMain.cpp" />
  </ItemGroup>
</Project>