<?xml version="1.0" encoding="utf-8"?>
<Project ToolsVersion="4.0" xmlns="http://schemas.microsoft.com/developer/msbuild/2003">
  <ItemGroup>
    <Filter Include="Editor">
      <UniqueIdentifier>{8C1A20B0-78BC-4A86-6177-5EDA4DB8D1D6}</UniqueIdentifier>
    </Filter>
    <Filter Include="Editor\Scene">
      <UniqueIdentifier>{A940DD3E-95A3-6CE3-3E29-A5992A6B3866}</UniqueIdentifier>
    </Filter>
    <Filter Include="Editor\UI">
      <UniqueIdentifier>{3972AF4A-A5DC-63C1-EE1A-15675AC44116}</UniqueIdentifier>
    </Filter>
    <Filter Include="Editor\Windows">
      <UniqueIdentifier>{C690B5AD-B25E-A9B3-9BF2-19DA875F8518}</UniqueIdentifier>
    </Filter>
    <Filter Include="Resources">
      <UniqueIdentifier>{000BCD17-6C75-818E-B5B3-3234215D5FE3}</UniqueIdentifier>
    </Filter>
    <Filter Include="Resources\Fonts">
      <UniqueIdentifier>{3935FD30-A5C0-6AF5-AED1-EDE91ADCC6F5}</UniqueIdentifier>
    </Filter>
    <Filter Include="Resources\Images">
      <UniqueIdentifier>{A5CB7757-91C4-96A9-BAF6-7B2EA64E76B5}</UniqueIdentifier>
    </Filter>
    <Filter Include="Resources\Levels">
      <UniqueIdentifier>{DAFDF15D-C6F6-10B0-EF28-F634DB80F0BB}</UniqueIdentifier>
    </Filter>
    <Filter Include="Resources\Models">
      <UniqueIdentifier>{B33CF260-9F35-11B3-C867-F637B4BFF0BE}</UniqueIdentifier>
    </Filter>
    <Filter Include="Resources\Shaders">
      <UniqueIdentifier>{D92F8C3C-4546-8AD2-8EBD-15F4FA125B5A}</UniqueIdentifier>
    </Filter>
    <Filter Include="Resources\Sounds">
      <UniqueIdentifier>{2BA8FA6E-17A1-19C1-40D3-FE452C2BF9CC}</UniqueIdentifier>
    </Filter>
    <Filter Include="SkyEngine">
      <UniqueIdentifier>{52A23481-BE0C-E9F7-074B-9A9D73F4C64C}</UniqueIdentifier>
    </Filter>
    <Filter Include="SkyEngine\Dependencies">
      <UniqueIdentifier>{2853C2E8-144D-EB3A-FDB9-814BE95251A7}</UniqueIdentifier>
    </Filter>
    <Filter Include="SkyEngine\Dependencies\ImGuizmo">
      <UniqueIdentifier>{88D2FF27-F4B5-0E68-FDB8-3CA4691BD5B8}</UniqueIdentifier>
    </Filter>
  </ItemGroup>
  <ItemGroup>
    <ClInclude Include="..\SkyEngine\Dependencies\ImGuizmo\ImGuizmo.h">
      <Filter>SkyEngine\Dependencies\ImGuizmo</Filter>
    </ClInclude>
    <ClInclude Include="Editor\EditorLogManager.h">
      <Filter>Editor</Filter>
    </ClInclude>
    <ClInclude Include="Editor\EditorViewportCanvas.h">
      <Filter>Editor</Filter>
    </ClInclude>
    <ClInclude Include="Editor\Scene\EditorScene.h">
      <Filter>Editor\Scene</Filter>
    </ClInclude>
    <ClInclude Include="Editor\UI\ConsoleLog.h">
      <Filter>Editor\UI</Filter>
    </ClInclude>
    <ClInclude Include="Editor\UI\EntityPropertiesPanel.h">
      <Filter>Editor\UI</Filter>
    </ClInclude>
    <ClInclude Include="Editor\UI\LayerInfoWidget.h">
      <Filter>Editor\UI</Filter>
    </ClInclude>
    <ClInclude Include="Editor\UI\SceneOutliner.h">
      <Filter>Editor\UI</Filter>
    </ClInclude>
    <ClInclude Include="Editor\Windows\EditorWindow.h">
      <Filter>Editor\Windows</Filter>
    </ClInclude>
    <ClInclude Include="Editor\Windows\EditorWindowManager.h">
      <Filter>Editor\Windows</Filter>
    </ClInclude>
    <ClInclude Include="EditorApp.h" />
    <ClInclude Include="Particle.h" />
  </ItemGroup>
  <ItemGroup>
    <ClCompile Include="..\SkyEngine\Dependencies\ImGuizmo\ImGuizmo.cpp">
      <Filter>SkyEngine\Dependencies\ImGuizmo</Filter>
    </ClCompile>
    <ClCompile Include="Editor\EditorLogManager.cpp">
      <Filter>Editor</Filter>
    </ClCompile>
    <ClCompile Include="Editor\EditorViewportCanvas.cpp">
      <Filter>Editor</Filter>
    </ClCompile>
    <ClCompile Include="Editor\Scene\EditorScene.cpp">
      <Filter>Editor\Scene</Filter>
    </ClCompile>
    <ClCompile Include="Editor\UI\ConsoleLog.cpp">
      <Filter>Editor\UI</Filter>
    </ClCompile>
    <ClCompile Include="Editor\UI\EntityPropertiesPanel.cpp">
      <Filter>Editor\UI</Filter>
    </ClCompile>
    <ClCompile Include="Editor\UI\LayerInfoWidget.cpp">
      <Filter>Editor\UI</Filter>
    </ClCompile>
    <ClCompile Include="Editor\UI\SceneOutliner.cpp">
      <Filter>Editor\UI</Filter>
    </ClCompile>
    <ClCompile Include="Editor\Windows\EditorWindow.cpp">
      <Filter>Editor\Windows</Filter>
    </ClCompile>
    <ClCompile Include="Editor\Windows\EditorWindowManager.cpp">
      <Filter>Editor\Windows</Filter>
    </ClCompile>
    <ClCompile Include="EditorApp.cpp" />
  </ItemGroup>
  <ItemGroup>
    <None Include="Resources\Fonts\LICENSE.txt">
      <Filter>Resources\Fonts</Filter>
    </None>
    <None Include="Resources\Fonts\Pixeled.ttf">
      <Filter>Resources\Fonts</Filter>
    </None>
    <None Include="Resources\Fonts\Roboto-Black.ttf">
      <Filter>Resources\Fonts</Filter>
    </None>
    <None Include="Resources\Fonts\Roboto-BlackItalic.ttf">
      <Filter>Resources\Fonts</Filter>
    </None>
    <None Include="Resources\Fonts\Roboto-Bold.ttf">
      <Filter>Resources\Fonts</Filter>
    </None>
    <None Include="Resources\Fonts\Roboto-BoldItalic.ttf">
      <Filter>Resources\Fonts</Filter>
    </None>
    <None Include="Resources\Fonts\Roboto-Condensed.ttf">
      <Filter>Resources\Fonts</Filter>
    </None>
    <None Include="Resources\Fonts\Roboto-Italic.ttf">
      <Filter>Resources\Fonts</Filter>
    </None>
    <None Include="Resources\Fonts\Roboto-Light.ttf">
      <Filter>Resources\Fonts</Filter>
    </None>
    <None Include="Resources\Fonts\Roboto-LightItalic.ttf">
      <Filter>Resources\Fonts</Filter>
    </None>
    <None Include="Resources\Fonts\Roboto-Medium.ttf">
      <Filter>Resources\Fonts</Filter>
    </None>
    <None Include="Resources\Fonts\Roboto-MediumItalic.ttf">
      <Filter>Resources\Fonts</Filter>
    </None>
    <None Include="Resources\Fonts\Roboto-Regular.ttf">
      <Filter>Resources\Fonts</Filter>
    </None>
    <None Include="Resources\Fonts\Roboto-Thin.ttf">
      <Filter>Resources\Fonts</Filter>
    </None>
    <None Include="Resources\Fonts\Roboto-ThinItalic.ttf">
      <Filter>Resources\Fonts</Filter>
    </None>
    <None Include="Resources\Fonts\SnackerComic.ttf">
      <Filter>Resources\Fonts</Filter>
    </None>
    <None Include="Resources\Fonts\arial.ttf">
      <Filter>Resources\Fonts</Filter>
    </None>
    <None Include="Resources\Fonts\waltographUI.ttf">
      <Filter>Resources\Fonts</Filter>
    </None>
    <None Include="Resources\Images\Asphalt8_1x1.tif">
      <Filter>Resources\Images</Filter>
    </None>
    <None Include="Resources\Images\Brick_Medieval.tif">
      <Filter>Resources\Images</Filter>
    </None>
    <None Include="Resources\Images\RockyDirt2C_4x4.tif">
      <Filter>Resources\Images</Filter>
    </None>
    <None Include="Resources\Images\StoneWall_2x2.tif">
      <Filter>Resources\Images</Filter>
    </None>
    <None Include="Resources\Images\TerrainMap.psd">
      <Filter>Resources\Images</Filter>
    </None>
    <None Include="Resources\Images\TerrainMap.raw">
      <Filter>Resources\Images</Filter>
    </None>
    <None Include="Resources\Images\TerrainMap2.raw">
      <Filter>Resources\Images</Filter>
    </None>
    <None Include="Resources\Images\TexturesCom_SmoothCliff_1024_albedo.tif">
      <Filter>Resources\Images</Filter>
    </None>
    <None Include="Resources\Images\Thumbs.db">
      <Filter>Resources\Images</Filter>
    </None>
    <None Include="Resources\Images\coastMountain513.raw">
      <Filter>Resources\Images</Filter>
    </None>
    <None Include="Resources\Levels\Demo Scene.slvl">
      <Filter>Resources\Levels</Filter>
    </None>
    <None Include="Resources\Levels\Example.slvl">
      <Filter>Resources\Levels</Filter>
    </None>
    <None Include="Resources\Levels\SingleItem.slvl">
      <Filter>Resources\Levels</Filter>
    </None>
    <None Include="Resources\Models\theDude.DAE">
      <Filter>Resources\Models</Filter>
    </None>
    <None Include="Resources\Models\theDude_idle_run.DAE">
      <Filter>Resources\Models</Filter>
    </None>
    <None Include="Resources\Shaders\AnimatedModel.fs">
      <Filter>Resources\Shaders</Filter>
    </None>
    <None Include="Resources\Shaders\AnimatedModel.vs">
      <Filter>Resources\Shaders</Filter>
    </None>
    <None Include="Resources\Shaders\ComputeShader.comps">
      <Filter>Resources\Shaders</Filter>
    </None>
    <None Include="Resources\Shaders\CubeMapFragmentShader.fs">
      <Filter>Resources\Shaders</Filter>
    </None>
    <None Include="Resources\Shaders\CubeMapVertexShader.vs">
      <Filter>Resources\Shaders</Filter>
    </None>
    <None Include="Resources\Shaders\FogShader.fs">
      <Filter>Resources\Shaders</Filter>
    </None>
    <None Include="Resources\Shaders\FogShader.vs">
      <Filter>Resources\Shaders</Filter>
    </None>
    <None Include="Resources\Shaders\FragmentShader.fs">
      <Filter>Resources\Shaders</Filter>
    </None>
    <None Include="Resources\Shaders\FrameBuffer.fs">
      <Filter>Resources\Shaders</Filter>
    </None>
    <None Include="Resources\Shaders\FrameBuffer.vs">
      <Filter>Resources\Shaders</Filter>
    </None>
    <None Include="Resources\Shaders\GeometryShader.fs">
      <Filter>Resources\Shaders</Filter>
    </None>
    <None Include="Resources\Shaders\GeometryShader.gs">
      <Filter>Resources\Shaders</Filter>
    </None>
    <None Include="Resources\Shaders\GeometryShader.vs">
      <Filter>Resources\Shaders</Filter>
    </None>
    <None Include="Resources\Shaders\LitFragmentShader.fs">
      <Filter>Resources\Shaders</Filter>
    </None>
    <None Include="Resources\Shaders\LitVertexShader.vs">
      <Filter>Resources\Shaders</Filter>
    </None>
    <None Include="Resources\Shaders\ModelFragmentShader.fs">
      <Filter>Resources\Shaders</Filter>
    </None>
    <None Include="Resources\Shaders\ModelFragmentShaderLit.fs">
      <Filter>Resources\Shaders</Filter>
    </None>
    <None Include="Resources\Shaders\ModelVertexShader.vs">
      <Filter>Resources\Shaders</Filter>
    </None>
    <None Include="Resources\Shaders\ModelVertexShaderLit.vs">
      <Filter>Resources\Shaders</Filter>
    </None>
    <None Include="Resources\Shaders\PBRFragmentShader.fs">
      <Filter>Resources\Shaders</Filter>
    </None>
    <None Include="Resources\Shaders\PBRVertexShader.vs">
      <Filter>Resources\Shaders</Filter>
    </None>
    <None Include="Resources\Shaders\ParticleShader.fs">
      <Filter>Resources\Shaders</Filter>
    </None>
    <None Include="Resources\Shaders\ParticleShader.gs">
      <Filter>Resources\Shaders</Filter>
    </None>
    <None Include="Resources\Shaders\ParticleShader.vs">
      <Filter>Resources\Shaders</Filter>
    </None>
    <None Include="Resources\Shaders\ParticleShaderCompute.fs">
      <Filter>Resources\Shaders</Filter>
    </None>
    <None Include="Resources\Shaders\ParticleShaderCompute.gs">
      <Filter>Resources\Shaders</Filter>
    </None>
    <None Include="Resources\Shaders\ParticleShaderCompute.vs">
      <Filter>Resources\Shaders</Filter>
    </None>
    <None Include="Resources\Shaders\ReflectionShader.fs">
      <Filter>Resources\Shaders</Filter>
    </None>
    <None Include="Resources\Shaders\ReflectionShader.vs">
      <Filter>Resources\Shaders</Filter>
    </None>
    <None Include="Resources\Shaders\TessControl.tc">
      <Filter>Resources\Shaders</Filter>
    </None>
    <None Include="Resources\Shaders\TessEval.te">
      <Filter>Resources\Shaders</Filter>
    </None>
    <None Include="Resources\Shaders\Tessellation.fs">
      <Filter>Resources\Shaders</Filter>
    </None>
    <None Include="Resources\Shaders\Tessellation.vs">
      <Filter>Resources\Shaders</Filter>
    </None>
    <None Include="Resources\Shaders\Text.fs">
      <Filter>Resources\Shaders</Filter>
    </None>
    <None Include="Resources\Shaders\Text.vs">
      <Filter>Resources\Shaders</Filter>
    </None>
    <None Include="Resources\Shaders\TextureFragmentShader.fs">
      <Filter>Resources\Shaders</Filter>
    </None>
    <None Include="Resources\Shaders\TextureVertexShader.vs">
      <Filter>Resources\Shaders</Filter>
    </None>
    <None Include="Resources\Shaders\UI.fs">
      <Filter>Resources\Shaders</Filter>
    </None>
    <None Include="Resources\Shaders\UI.vs">
      <Filter>Resources\Shaders</Filter>
    </None>
    <None Include="Resources\Shaders\UnlitFragmentShader.fs">
      <Filter>Resources\Shaders</Filter>
    </None>
    <None Include="Resources\Shaders\UnlitVertexShader.vs">
      <Filter>Resources\Shaders</Filter>
    </None>
    <None Include="Resources\Shaders\VertexShader.vs">
      <Filter>Resources\Shaders</Filter>
    </None>
    <None Include="Resources\Sounds\DeathSound.wav">
      <Filter>Resources\Sounds</Filter>
    </None>
    <None Include="Resources\Sounds\Hit.mp3">
      <Filter>Resources\Sounds</Filter>
    </None>
    <None Include="Resources\Sounds\Hit.wav">
      <Filter>Resources\Sounds</Filter>
    </None>
    <None Include="Resources\Sounds\LevelMusic.mp3">
      <Filter>Resources\Sounds</Filter>
    </None>
    <None Include="Resources\Sounds\menu-click.wav">
      <Filter>Resources\Sounds</Filter>
    </None>
  </ItemGroup>
  <ItemGroup>
    <Image Include="Resources\Images\Asphalt8_1x1.jpg">
      <Filter>Resources\Images</Filter>
    </Image>
    <Image Include="Resources\Images\Block.png">
      <Filter>Resources\Images</Filter>
    </Image>
    <Image Include="Resources\Images\Box.png">
      <Filter>Resources\Images</Filter>
    </Image>
    <Image Include="Resources\Images\Brick_Medieval.jpg">
      <Filter>Resources\Images</Filter>
    </Image>
    <Image Include="Resources\Images\Brick_Medieval.png">
      <Filter>Resources\Images</Filter>
    </Image>
    <Image Include="Resources\Images\RockyDirt2C_4x4.jpg">
      <Filter>Resources\Images</Filter>
    </Image>
    <Image Include="Resources\Images\Sand.jpg">
      <Filter>Resources\Images</Filter>
    </Image>
    <Image Include="Resources\Images\SmoothCliff_1024.jpg">
      <Filter>Resources\Images</Filter>
    </Image>
    <Image Include="Resources\Images\StoneWall_2x2.jpg">
      <Filter>Resources\Images</Filter>
    </Image>
    <Image Include="Resources\Images\TerrainMap.png">
      <Filter>Resources\Images</Filter>
    </Image>
    <Image Include="Resources\Images\TerrainMap2.png">
      <Filter>Resources\Images</Filter>
    </Image>
    <Image Include="Resources\Images\WaterPlain2_seamless_S.jpg">
      <Filter>Resources\Images</Filter>
    </Image>
    <Image Include="Resources\Images\WaterPlain_seamless_S.jpg">
      <Filter>Resources\Images</Filter>
    </Image>
    <Image Include="Resources\Images\raindrop.png">
      <Filter>Resources\Images</Filter>
    </Image>
    <Image Include="Resources\Models\theDude.png">
      <Filter>Resources\Models</Filter>
    </Image>
  </ItemGroup>
</Project>