<?xml version="1.0" encoding="utf-8"?>
<Project ToolsVersion="4.0" xmlns="http://schemas.microsoft.com/developer/msbuild/2003">
  <ItemGroup>
    <Filter Include="Source Files">
      <UniqueIdentifier>{4FC737F1-C7A5-4376-A066-2A32D752A2FF}</UniqueIdentifier>
      <Extensions>cpp;c;cc;cxx;def;odl;idl;hpj;bat;asm;asmx</Extensions>
    </Filter>
    <Filter Include="Header Files">
      <UniqueIdentifier>{93995380-89BD-4b04-88EB-625FBE52EBFB}</UniqueIdentifier>
      <Extensions>h;hh;hpp;hxx;hm;inl;inc;ipp;xsd</Extensions>
    </Filter>
    <Filter Include="Resource Files">
      <UniqueIdentifier>{67DA6AB6-F800-4c08-8B7A-83BB121AAD01}</UniqueIdentifier>
      <Extensions>rc;ico;cur;bmp;dlg;rc2;rct;bin;rgs;gif;jpg;jpeg;jpe;resx;tiff;tif;png;wav;mfcribbon-ms</Extensions>
    </Filter>
  </ItemGroup>
  <ItemGroup>
    <ClCompile Include="dllmain.cpp">
      <Filter>Source Files</Filter>
    </ClCompile>
    <ClCompile Include="Entity/2DParticleSystem.cpp">
      <Filter>Source Files</Filter>
    </ClCompile>
    <ClCompile Include="Entity/Button3DEntity.cpp">
      <Filter>Source Files</Filter>
    </ClCompile>
    <ClCompile Include="Entity/CollisionBounds.cpp">
      <Filter>Source Files</Filter>
    </ClCompile>
    <ClCompile Include="Entity/Entity.cpp">
      <Filter>Source Files</Filter>
    </ClCompile>
    <ClCompile Include="Input/CXBOXController.cpp">
      <Filter>Source Files</Filter>
    </ClCompile>
    <ClCompile Include="Input/Input.cpp">
      <Filter>Source Files</Filter>
    </ClCompile>
    <ClCompile Include="Render/Lighting.cpp">
      <Filter>Source Files</Filter>
    </ClCompile>
    <ClCompile Include="Scene/Scene.cpp">
      <Filter>Source Files</Filter>
    </ClCompile>
    <ClCompile Include="Scene/SceneManager.cpp">
      <Filter>Source Files</Filter>
    </ClCompile>
    <ClCompile Include="Sound/SoundManager.cpp">
      <Filter>Source Files</Filter>
    </ClCompile>
    <ClCompile Include="System/LogManager.cpp">
      <Filter>Source Files</Filter>
    </ClCompile>
    <ClCompile Include="System/Utils.cpp">
      <Filter>Source Files</Filter>
    </ClCompile>
    <ClCompile Include="UI/Cursor.cpp">
      <Filter>Source Files</Filter>
    </ClCompile>
    <ClCompile Include="UI/Text.cpp">
      <Filter>Source Files</Filter>
    </ClCompile>
    <ClCompile Include="UI/UIButton.cpp">
      <Filter>Source Files</Filter>
    </ClCompile>
    <ClCompile Include="UI/UIElement.cpp">
      <Filter>Source Files</Filter>
    </ClCompile>
    <ClCompile Include="UI/UIImage.cpp">
      <Filter>Source Files</Filter>
    </ClCompile>
    <ClCompile Include="UI/UISlider.cpp">
      <Filter>Source Files</Filter>
    </ClCompile>
    <ClCompile Include="UI/UIText.cpp">
      <Filter>Source Files</Filter>
    </ClCompile>
    <ClCompile Include="UI/UITextField.cpp">
      <Filter>Source Files</Filter>
    </ClCompile>
    <ClCompile Include="UI/Widget.cpp">
      <Filter>Source Files</Filter>
    </ClCompile>
    <ClCompile Include="Camera/CameraManager.cpp">
      <Filter>Source Files</Filter>
    </ClCompile>
    <ClCompile Include="Math/Matrix.cpp">
      <Filter>Source Files</Filter>
    </ClCompile>
    <ClCompile Include="Math/Quaternion.cpp">
      <Filter>Source Files</Filter>
    </ClCompile>
    <ClCompile Include="Core\Application.cpp">
      <Filter>Source Files</Filter>
    </ClCompile>
    <ClCompile Include="Core\EngineWindow.cpp">
      <Filter>Source Files</Filter>
    </ClCompile>
    <ClCompile Include="Graphics\GraphicsInstance.cpp">
      <Filter>Source Files</Filter>
    </ClCompile>
    <ClCompile Include="Platform\PlatformInterface.cpp">
      <Filter>Source Files</Filter>
    </ClCompile>
    <ClCompile Include="Platform\Windows\WindowsPlatform.cpp">
      <Filter>Source Files</Filter>
    </ClCompile>
    <ClCompile Include="System\TimeManager.cpp">
      <Filter>Source Files</Filter>
    </ClCompile>
    <ClCompile Include="Core\Core.cpp">
      <Filter>Source Files</Filter>
    </ClCompile>
    <ClCompile Include="Entity\Component.cpp">
      <Filter>Source Files</Filter>
    </ClCompile>
    <ClCompile Include="Graphics\GLFW\GLInstance.cpp">
      <Filter>Source Files</Filter>
    </ClCompile>
    <ClCompile Include="Graphics\GLFW\GLAPI.cpp">
      <Filter>Source Files</Filter>
    </ClCompile>
    <ClCompile Include="Graphics\GraphicsAPI.cpp">
      <Filter>Source Files</Filter>
    </ClCompile>
    <ClCompile Include="Platform\Window\GLFW\GLFWWindow.cpp">
      <Filter>Source Files</Filter>
    </ClCompile>
    <ClCompile Include="Platform\Window\GraphicsWindow.cpp">
      <Filter>Source Files</Filter>
    </ClCompile>
    <ClCompile Include="Render\Materials\InternalMaterial.cpp">
      <Filter>Source Files</Filter>
    </ClCompile>
    <ClCompile Include="Render\Materials\Material.cpp">
      <Filter>Source Files</Filter>
    </ClCompile>
    <ClCompile Include="Render\Meshes\Advanced\CubeMap.cpp">
      <Filter>Source Files</Filter>
    </ClCompile>
    <ClCompile Include="Render\Meshes\Advanced\GeometryObject.cpp">
      <Filter>Source Files</Filter>
    </ClCompile>
    <ClCompile Include="Render\Meshes\Advanced\TessMesh.cpp">
      <Filter>Source Files</Filter>
    </ClCompile>
    <ClCompile Include="Render\Meshes\Basic\Cube.cpp">
      <Filter>Source Files</Filter>
    </ClCompile>
    <ClCompile Include="Render\Meshes\Basic\Plane.cpp">
      <Filter>Source Files</Filter>
    </ClCompile>
    <ClCompile Include="Render\Meshes\Basic\Pyramid.cpp">
      <Filter>Source Files</Filter>
    </ClCompile>
    <ClCompile Include="Render\Meshes\Basic\Sphere.cpp">
      <Filter>Source Files</Filter>
    </ClCompile>
    <ClCompile Include="Render\Meshes\Basic\Triangle.cpp">
      <Filter>Source Files</Filter>
    </ClCompile>
    <ClCompile Include="Render\Meshes\Mesh.cpp">
      <Filter>Source Files</Filter>
    </ClCompile>
    <ClCompile Include="Render\Meshes\MeshData.cpp">
      <Filter>Source Files</Filter>
    </ClCompile>
    <ClCompile Include="Render\Meshes\Model\AnimatedModel.cpp">
      <Filter>Source Files</Filter>
    </ClCompile>
    <ClCompile Include="Render\Meshes\Model\Model.cpp">
      <Filter>Source Files</Filter>
    </ClCompile>
    <ClCompile Include="Render\Meshes\Model\ModelMesh.cpp">
      <Filter>Source Files</Filter>
    </ClCompile>
    <ClCompile Include="Render\Meshes\Model\ModelObject.cpp">
      <Filter>Source Files</Filter>
    </ClCompile>
    <ClCompile Include="Render\Meshes\Model\ssAnimatedModel.cpp">
      <Filter>Source Files</Filter>
    </ClCompile>
    <ClCompile Include="Render\Particle\Particle.cpp">
      <Filter>Source Files</Filter>
    </ClCompile>
    <ClCompile Include="Render\Particle\ParticleSystem.cpp">
      <Filter>Source Files</Filter>
    </ClCompile>
    <ClCompile Include="Render\Particle\ParticleSystemGPU.cpp">
      <Filter>Source Files</Filter>
    </ClCompile>
    <ClCompile Include="Render\Shaders\PBRShader.cpp">
      <Filter>Source Files</Filter>
    </ClCompile>
    <ClCompile Include="Render\Shaders\Shader.cpp">
      <Filter>Source Files</Filter>
    </ClCompile>
    <ClCompile Include="Render\Shaders\ShaderManager.cpp">
      <Filter>Source Files</Filter>
    </ClCompile>
    <ClCompile Include="Render\Shaders\UndefinedShader.cpp">
      <Filter>Source Files</Filter>
    </ClCompile>
    <ClCompile Include="Render\Shaders\UnlitShader.cpp">
      <Filter>Source Files</Filter>
    </ClCompile>
    <ClCompile Include="Math\Transform.cpp">
      <Filter>Source Files</Filter>
    </ClCompile>
    <ClCompile Include="SEPCH.cpp">
      <Filter>Source Files</Filter>
    </ClCompile>
  </ItemGroup>
  <ItemGroup>
    <ClInclude Include="Camera/CameraManager.h">
      <Filter>Header Files</Filter>
    </ClInclude>
    <ClInclude Include="Entity/2DParticleSystem.h">
      <Filter>Header Files</Filter>
    </ClInclude>
    <ClInclude Include="Entity/Button3DEntity.h">
      <Filter>Header Files</Filter>
    </ClInclude>
    <ClInclude Include="Entity/CollisionBounds.h">
      <Filter>Header Files</Filter>
    </ClInclude>
    <ClInclude Include="Entity/Entity.h">
      <Filter>Header Files</Filter>
    </ClInclude>
    <ClInclude Include="Input/CXBOXController.h">
      <Filter>Header Files</Filter>
    </ClInclude>
    <ClInclude Include="Input/Input.h">
      <Filter>Header Files</Filter>
    </ClInclude>
    <ClInclude Include="Render/Lighting.h">
      <Filter>Header Files</Filter>
    </ClInclude>
    <ClInclude Include="Scene/Scene.h">
      <Filter>Header Files</Filter>
    </ClInclude>
    <ClInclude Include="Scene/SceneManager.h">
      <Filter>Header Files</Filter>
    </ClInclude>
    <ClInclude Include="Sound/SoundManager.h">
      <Filter>Header Files</Filter>
    </ClInclude>
    <ClInclude Include="System/LogManager.h">
      <Filter>Header Files</Filter>
    </ClInclude>
    <ClInclude Include="System/Math_3d.h">
      <Filter>Header Files</Filter>
    </ClInclude>
    <ClInclude Include="System/Utils.h">
      <Filter>Header Files</Filter>
    </ClInclude>
    <ClInclude Include="UI/Cursor.h">
      <Filter>Header Files</Filter>
    </ClInclude>
    <ClInclude Include="UI/Text.h">
      <Filter>Header Files</Filter>
    </ClInclude>
    <ClInclude Include="UI/UIButton.h">
      <Filter>Header Files</Filter>
    </ClInclude>
    <ClInclude Include="UI/UIElement.h">
      <Filter>Header Files</Filter>
    </ClInclude>
    <ClInclude Include="UI/UIImage.h">
      <Filter>Header Files</Filter>
    </ClInclude>
    <ClInclude Include="UI/UISlider.h">
      <Filter>Header Files</Filter>
    </ClInclude>
    <ClInclude Include="UI/UIText.h">
      <Filter>Header Files</Filter>
    </ClInclude>
    <ClInclude Include="UI/UITextField.h">
      <Filter>Header Files</Filter>
    </ClInclude>
    <ClInclude Include="UI/Widget.h">
      <Filter>Header Files</Filter>
    </ClInclude>
    <ClInclude Include="Math/MathDefinitions.h">
      <Filter>Header Files</Filter>
    </ClInclude>
    <ClInclude Include="Math/Matrix.h">
      <Filter>Header Files</Filter>
    </ClInclude>
    <ClInclude Include="Math/Quaternion.h">
      <Filter>Header Files</Filter>
    </ClInclude>
    <ClInclude Include="Math/Rotator.h">
      <Filter>Header Files</Filter>
    </ClInclude>
    <ClInclude Include="Math/Vector.h">
      <Filter>Header Files</Filter>
    </ClInclude>
    <ClInclude Include="System/EnumTypes.h">
      <Filter>Header Files</Filter>
    </ClInclude>
    <ClInclude Include="Core\Application.h">
      <Filter>Header Files</Filter>
    </ClInclude>
    <ClInclude Include="Core\Core.h">
      <Filter>Header Files</Filter>
    </ClInclude>
    <ClInclude Include="SkyEngine.h">
      <Filter>Header Files</Filter>
    </ClInclude>
    <ClInclude Include="Math\Internal\Rotator.decl.h">
      <Filter>Header Files</Filter>
    </ClInclude>
    <ClInclude Include="Math\Internal\Rotator.impl.hpp">
      <Filter>Header Files</Filter>
    </ClInclude>
    <ClInclude Include="Math\Internal\Vector3.decl.h">
      <Filter>Header Files</Filter>
    </ClInclude>
    <ClInclude Include="Math\Internal\Vector3.impl.hpp">
      <Filter>Header Files</Filter>
    </ClInclude>
    <ClInclude Include="Math\Internal\Vector2.decl.h">
      <Filter>Header Files</Filter>
    </ClInclude>
    <ClInclude Include="Math\Internal\Vector2.impl.hpp">
      <Filter>Header Files</Filter>
    </ClInclude>
    <ClInclude Include="Core\Delegates.h">
      <Filter>Header Files</Filter>
    </ClInclude>
    <ClInclude Include="Core\EntryPoint.h">
      <Filter>Header Files</Filter>
    </ClInclude>
    <ClInclude Include="Core\EngineWindow.h">
      <Filter>Header Files</Filter>
    </ClInclude>
    <ClInclude Include="Graphics\GraphicsInstance.h">
      <Filter>Header Files</Filter>
    </ClInclude>
    <ClInclude Include="Math\MathTypes.h">
      <Filter>Header Files</Filter>
    </ClInclude>
    <ClInclude Include="Math\Vector2.h">
      <Filter>Header Files</Filter>
    </ClInclude>
    <ClInclude Include="Math\Vector4.h">
      <Filter>Header Files</Filter>
    </ClInclude>
    <ClInclude Include="Platform\PlatformInterface.h">
      <Filter>Header Files</Filter>
    </ClInclude>
    <ClInclude Include="Platform\Windows\WindowsPlatform.h">
      <Filter>Header Files</Filter>
    </ClInclude>
    <ClInclude Include="System\TimeManager.h">
      <Filter>Header Files</Filter>
    </ClInclude>
    <ClInclude Include="Entity\Component.h">
      <Filter>Header Files</Filter>
    </ClInclude>
    <ClInclude Include="Graphics\GLFW\GLIncludes.h">
      <Filter>Header Files</Filter>
    </ClInclude>
    <ClInclude Include="Graphics\GLFW\GLInstance.h">
      <Filter>Header Files</Filter>
    </ClInclude>
    <ClInclude Include="Graphics\GLFW\GLAPI.h">
      <Filter>Header Files</Filter>
    </ClInclude>
    <ClInclude Include="Graphics\GraphicsAPI.h">
      <Filter>Header Files</Filter>
    </ClInclude>
    <ClInclude Include="Platform\Window\GLFW\GLFWWindow.h">
      <Filter>Header Files</Filter>
    </ClInclude>
    <ClInclude Include="Platform\Window\GLFW\GLFWIncludes.h">
      <Filter>Header Files</Filter>
    </ClInclude>
    <ClInclude Include="Platform\Window\GraphicsWindow.h">
      <Filter>Header Files</Filter>
    </ClInclude>
    <ClInclude Include="Render\Materials\InternalMaterial.h">
      <Filter>Header Files</Filter>
    </ClInclude>
    <ClInclude Include="Render\Materials\Material.h">
      <Filter>Header Files</Filter>
    </ClInclude>
    <ClInclude Include="Render\Materials\MaterialType.h">
      <Filter>Header Files</Filter>
    </ClInclude>
    <ClInclude Include="Render\Meshes\Advanced\CubeMap.h">
      <Filter>Header Files</Filter>
    </ClInclude>
    <ClInclude Include="Render\Meshes\Advanced\GeometryObject.h">
      <Filter>Header Files</Filter>
    </ClInclude>
    <ClInclude Include="Render\Meshes\Advanced\TessMesh.h">
      <Filter>Header Files</Filter>
    </ClInclude>
    <ClInclude Include="Render\Meshes\Basic\Cube.h">
      <Filter>Header Files</Filter>
    </ClInclude>
    <ClInclude Include="Render\Meshes\Basic\Plane.h">
      <Filter>Header Files</Filter>
    </ClInclude>
    <ClInclude Include="Render\Meshes\Basic\Pyramid.h">
      <Filter>Header Files</Filter>
    </ClInclude>
    <ClInclude Include="Render\Meshes\Basic\Sphere.h">
      <Filter>Header Files</Filter>
    </ClInclude>
    <ClInclude Include="Render\Meshes\Basic\Triangle.h">
      <Filter>Header Files</Filter>
    </ClInclude>
    <ClInclude Include="Render\Meshes\Mesh.h">
      <Filter>Header Files</Filter>
    </ClInclude>
    <ClInclude Include="Render\Meshes\MeshData.h">
      <Filter>Header Files</Filter>
    </ClInclude>
    <ClInclude Include="Render\Meshes\Model\AnimatedModel.h">
      <Filter>Header Files</Filter>
    </ClInclude>
    <ClInclude Include="Render\Meshes\Model\Model.h">
      <Filter>Header Files</Filter>
    </ClInclude>
    <ClInclude Include="Render\Meshes\Model\ModelMesh.h">
      <Filter>Header Files</Filter>
    </ClInclude>
    <ClInclude Include="Render\Meshes\Model\ModelObject.h">
      <Filter>Header Files</Filter>
    </ClInclude>
    <ClInclude Include="Render\Meshes\Model\ssAnimatedModel.h">
      <Filter>Header Files</Filter>
    </ClInclude>
    <ClInclude Include="Render\Particle\Particle.h">
      <Filter>Header Files</Filter>
    </ClInclude>
    <ClInclude Include="Render\Particle\ParticleSystem.h">
      <Filter>Header Files</Filter>
    </ClInclude>
    <ClInclude Include="Render\Particle\ParticleSystemGPU.h">
      <Filter>Header Files</Filter>
    </ClInclude>
    <ClInclude Include="Render\Shaders\PBRShader.h">
      <Filter>Header Files</Filter>
    </ClInclude>
    <ClInclude Include="Render\Shaders\Shader.h">
      <Filter>Header Files</Filter>
    </ClInclude>
    <ClInclude Include="Render\Shaders\ShaderManager.h">
      <Filter>Header Files</Filter>
    </ClInclude>
    <ClInclude Include="Render\Shaders\UndefinedShader.h">
      <Filter>Header Files</Filter>
    </ClInclude>
    <ClInclude Include="Render\Shaders\UnlitShader.h">
      <Filter>Header Files</Filter>
    </ClInclude>
    <ClInclude Include="Render\Texture.h">
      <Filter>Header Files</Filter>
    </ClInclude>
    <ClInclude Include="Math\Transform.h">
      <Filter>Header Files</Filter>
    </ClInclude>
    <ClInclude Include="SEPCH.h">
      <Filter>Header Files</Filter>
    </ClInclude>
  </ItemGroup>
</Project>