<?xml version="1.0" encoding="utf-8"?>
<Project ToolsVersion="4.0" xmlns="http://schemas.microsoft.com/developer/msbuild/2003">
  <ItemGroup>
    <Filter Include="Source Files">
      <UniqueIdentifier>{4FC737F1-C7A5-4376-A066-2A32D752A2FF}</UniqueIdentifier>
      <Extensions>cpp;c;cc;cxx;def;odl;idl;hpj;bat;asm;asmx</Extensions>
    </Filter>
    <Filter Include="Header Files">
      <UniqueIdentifier>{93995380-89BD-4b04-88EB-625FBE52EBFB}</UniqueIdentifier>
      <Extensions>h;hh;hpp;hxx;hm;inl;inc;ipp;xsd</Extensions>
    </Filter>
    <Filter Include="Engine">
      <UniqueIdentifier>{5bce25bb-be27-4777-ae5e-2d4448d5331f}</UniqueIdentifier>
    </Filter>
    <Filter Include="Engine\Sound">
      <UniqueIdentifier>{ba68b7b6-5b3c-488b-b347-72d1d60d4214}</UniqueIdentifier>
    </Filter>
    <Filter Include="Engine\Input">
      <UniqueIdentifier>{b1d8f493-35ee-4abc-8464-5587af06291b}</UniqueIdentifier>
    </Filter>
    <Filter Include="Engine\UI">
      <UniqueIdentifier>{b40eafe2-7764-4936-b321-1e00a4788d25}</UniqueIdentifier>
    </Filter>
    <Filter Include="Engine\Entity">
      <UniqueIdentifier>{e3ecb23e-288a-4a24-8f5d-015a8bb790d4}</UniqueIdentifier>
    </Filter>
    <Filter Include="Engine\Camera">
      <UniqueIdentifier>{8ae8d6dd-e6e7-4c16-937d-f54a613699fa}</UniqueIdentifier>
    </Filter>
    <Filter Include="Engine\Scene">
      <UniqueIdentifier>{edafde15-0bff-4aad-840b-aea97a117b15}</UniqueIdentifier>
    </Filter>
    <Filter Include="Engine\Render">
      <UniqueIdentifier>{92d72969-16a4-42ce-9a3d-bed733147721}</UniqueIdentifier>
    </Filter>
    <Filter Include="Engine\System">
      <UniqueIdentifier>{4cf312bc-7297-4db4-a79e-ac1ec555998e}</UniqueIdentifier>
    </Filter>
    <Filter Include="Game">
      <UniqueIdentifier>{b8d9dde6-9b56-4307-b2d0-471957d6206c}</UniqueIdentifier>
    </Filter>
    <Filter Include="Game\Scenes">
      <UniqueIdentifier>{ab102022-f959-4305-9ec9-bc2d3bd870fd}</UniqueIdentifier>
    </Filter>
    <Filter Include="Game\Players">
      <UniqueIdentifier>{8dd71471-2ae2-483a-bce6-c848e8325a74}</UniqueIdentifier>
    </Filter>
    <Filter Include="Game\Animation">
      <UniqueIdentifier>{c3453840-f57e-48f0-85b1-5b4fc724cfd6}</UniqueIdentifier>
    </Filter>
    <Filter Include="Engine\Editor">
      <UniqueIdentifier>{2f2d3934-e146-40d3-9329-6507e518e771}</UniqueIdentifier>
    </Filter>
  </ItemGroup>
  <ItemGroup>
    <ClCompile Include="main.cpp">
      <Filter>Source Files</Filter>
    </ClCompile>
    <ClCompile Include="Editor\Scene\EditorCamera.cpp">
      <Filter>Source Files</Filter>
    </ClCompile>
    <ClCompile Include="Editor\Scene\EditorScene.cpp">
      <Filter>Source Files</Filter>
    </ClCompile>
    <ClCompile Include="Editor\Scene\TransformationWidget.cpp">
      <Filter>Source Files</Filter>
    </ClCompile>
    <ClCompile Include="Editor\Windows\EditorWindow.cpp">
      <Filter>Source Files</Filter>
    </ClCompile>
    <ClCompile Include="Editor\Windows\EditorWindowManager.cpp">
      <Filter>Source Files</Filter>
    </ClCompile>
    <ClCompile Include="Engine/Entity\2DParticleSystem.cpp">
      <Filter>Source Files</Filter>
    </ClCompile>
    <ClCompile Include="Engine/Entity\Button3DEntity.cpp">
      <Filter>Source Files</Filter>
    </ClCompile>
    <ClCompile Include="Engine/Entity\CollisionBounds.cpp">
      <Filter>Source Files</Filter>
    </ClCompile>
    <ClCompile Include="Engine/Entity\Entity.cpp">
      <Filter>Source Files</Filter>
    </ClCompile>
    <ClCompile Include="Engine/Input\CXBOXController.cpp">
      <Filter>Source Files</Filter>
    </ClCompile>
    <ClCompile Include="Engine/Input\Input.cpp">
      <Filter>Source Files</Filter>
    </ClCompile>
    <ClCompile Include="Engine/Render\AnimatedModel.cpp">
      <Filter>Source Files</Filter>
    </ClCompile>
    <ClCompile Include="Engine/Render\Cube.cpp">
      <Filter>Source Files</Filter>
    </ClCompile>
    <ClCompile Include="Engine/Render\CubeMap.cpp">
      <Filter>Source Files</Filter>
    </ClCompile>
    <ClCompile Include="Engine/Render\FrameBuffer.cpp">
      <Filter>Source Files</Filter>
    </ClCompile>
    <ClCompile Include="Engine/Render\GeometryObject.cpp">
      <Filter>Source Files</Filter>
    </ClCompile>
    <ClCompile Include="Engine/Render\Lighting.cpp">
      <Filter>Source Files</Filter>
    </ClCompile>
    <ClCompile Include="Engine/Render\Mesh.cpp">
      <Filter>Source Files</Filter>
    </ClCompile>
    <ClCompile Include="Engine/Render\Model.cpp">
      <Filter>Source Files</Filter>
    </ClCompile>
    <ClCompile Include="Engine/Render\Particle.cpp">
      <Filter>Source Files</Filter>
    </ClCompile>
    <ClCompile Include="Engine/Render\ParticleSystem.cpp">
      <Filter>Source Files</Filter>
    </ClCompile>
    <ClCompile Include="Engine/Render\ParticleSystemGPU.cpp">
      <Filter>Source Files</Filter>
    </ClCompile>
    <ClCompile Include="Engine/Render\Plane.cpp">
      <Filter>Source Files</Filter>
    </ClCompile>
    <ClCompile Include="Engine/Render\Pyramid.cpp">
      <Filter>Source Files</Filter>
    </ClCompile>
    <ClCompile Include="Engine/Render\Shader.cpp">
      <Filter>Source Files</Filter>
    </ClCompile>
    <ClCompile Include="Engine/Render\ShaderLoader.cpp">
      <Filter>Source Files</Filter>
    </ClCompile>
    <ClCompile Include="Engine/Render\Sphere.cpp">
      <Filter>Source Files</Filter>
    </ClCompile>
    <ClCompile Include="Engine/Render\Triangle.cpp">
      <Filter>Source Files</Filter>
    </ClCompile>
    <ClCompile Include="Engine/Scene\Scene.cpp">
      <Filter>Source Files</Filter>
    </ClCompile>
    <ClCompile Include="Engine/Scene\SceneManager.cpp">
      <Filter>Source Files</Filter>
    </ClCompile>
    <ClCompile Include="Engine/Sound\SoundManager.cpp">
      <Filter>Source Files</Filter>
    </ClCompile>
    <ClCompile Include="Engine/System\LogManager.cpp">
      <Filter>Source Files</Filter>
    </ClCompile>
    <ClCompile Include="Engine/System\Time.cpp">
      <Filter>Source Files</Filter>
    </ClCompile>
    <ClCompile Include="Engine/System\Utils.cpp">
      <Filter>Source Files</Filter>
    </ClCompile>
    <ClCompile Include="Engine/UI\Cursor.cpp">
      <Filter>Source Files</Filter>
    </ClCompile>
    <ClCompile Include="Engine/UI\Text.cpp">
      <Filter>Source Files</Filter>
    </ClCompile>
    <ClCompile Include="Engine/UI\UIButton.cpp">
      <Filter>Source Files</Filter>
    </ClCompile>
    <ClCompile Include="Engine/UI\UIElement.cpp">
      <Filter>Source Files</Filter>
    </ClCompile>
    <ClCompile Include="Engine/UI\UIImage.cpp">
      <Filter>Source Files</Filter>
    </ClCompile>
    <ClCompile Include="Engine/UI\UISlider.cpp">
      <Filter>Source Files</Filter>
    </ClCompile>
    <ClCompile Include="Engine/UI\UIText.cpp">
      <Filter>Source Files</Filter>
    </ClCompile>
    <ClCompile Include="Engine/UI\UITextField.cpp">
      <Filter>Source Files</Filter>
    </ClCompile>
    <ClCompile Include="Engine/UI\Widget.cpp">
      <Filter>Source Files</Filter>
    </ClCompile>
    <ClCompile Include="Engine\Math\Matrix.cpp">
      <Filter>Source Files</Filter>
    </ClCompile>
    <ClCompile Include="Engine\Math\Quaternion.cpp">
      <Filter>Source Files</Filter>
    </ClCompile>
    <ClCompile Include="Engine\Math\FTransform.cpp">
      <Filter>Source Files</Filter>
    </ClCompile>
    <ClCompile Include="Engine\Math\Rotator.cpp">
      <Filter>Source Files</Filter>
    </ClCompile>
    <ClCompile Include="Engine\Math\Vector.cpp">
      <Filter>Source Files</Filter>
    </ClCompile>
    <ClCompile Include="Game\Animation\ssAnimatedModel.cpp">
      <Filter>Source Files</Filter>
    </ClCompile>
    <ClCompile Include="Game\Players\Player.cpp">
      <Filter>Source Files</Filter>
    </ClCompile>
    <ClCompile Include="Game\Scenes\Level.cpp">
      <Filter>Source Files</Filter>
    </ClCompile>
    <ClCompile Include="Game\Scenes\Terrain.cpp">
      <Filter>Source Files</Filter>
    </ClCompile>
    <ClCompile Include="Game\TessMesh.cpp">
      <Filter>Source Files</Filter>
    </ClCompile>
    <ClCompile Include="Engine/Camera/Camera.cpp">
      <Filter>Source Files</Filter>
    </ClCompile>
    <ClCompile Include="Engine\Camera\CameraManager.cpp">
      <Filter>Source Files</Filter>
    </ClCompile>
  </ItemGroup>
  <ItemGroup>
    <ClInclude Include="Editor\Scene\EditorCamera.h">
      <Filter>Header Files</Filter>
    </ClInclude>
    <ClInclude Include="Editor\Scene\EditorScene.h">
      <Filter>Header Files</Filter>
    </ClInclude>
    <ClInclude Include="Editor\Scene\TransformationWidget.h">
      <Filter>Header Files</Filter>
    </ClInclude>
    <ClInclude Include="Editor\Windows\EditorWindow.h">
      <Filter>Header Files</Filter>
    </ClInclude>
    <ClInclude Include="Editor\Windows\EditorWindowManager.h">
      <Filter>Header Files</Filter>
    </ClInclude>
    <ClInclude Include="Engine\Camera\CameraManager.h">
      <Filter>Header Files</Filter>
    </ClInclude>
    <ClInclude Include="Engine/Entity\2DParticleSystem.h">
      <Filter>Header Files</Filter>
    </ClInclude>
    <ClInclude Include="Engine/Entity\Button3DEntity.h">
      <Filter>Header Files</Filter>
    </ClInclude>
    <ClInclude Include="Engine/Entity\CollisionBounds.h">
      <Filter>Header Files</Filter>
    </ClInclude>
    <ClInclude Include="Engine/Entity\Entity.h">
      <Filter>Header Files</Filter>
    </ClInclude>
    <ClInclude Include="Engine/Input\CXBOXController.h">
      <Filter>Header Files</Filter>
    </ClInclude>
    <ClInclude Include="Engine/Input\Input.h">
      <Filter>Header Files</Filter>
    </ClInclude>
    <ClInclude Include="Engine/Render\AnimatedModel.h">
      <Filter>Header Files</Filter>
    </ClInclude>
    <ClInclude Include="Engine/Render\Cube.h">
      <Filter>Header Files</Filter>
    </ClInclude>
    <ClInclude Include="Engine/Render\CubeMap.h">
      <Filter>Header Files</Filter>
    </ClInclude>
    <ClInclude Include="Engine/Render\FrameBuffer.h">
      <Filter>Header Files</Filter>
    </ClInclude>
    <ClInclude Include="Engine/Render\GeometryObject.h">
      <Filter>Header Files</Filter>
    </ClInclude>
    <ClInclude Include="Engine/Render\Lighting.h">
      <Filter>Header Files</Filter>
    </ClInclude>
    <ClInclude Include="Engine/Render\Mesh.h">
      <Filter>Header Files</Filter>
    </ClInclude>
    <ClInclude Include="Engine/Render\Model.h">
      <Filter>Header Files</Filter>
    </ClInclude>
    <ClInclude Include="Engine/Render\ModelMesh.h">
      <Filter>Header Files</Filter>
    </ClInclude>
    <ClInclude Include="Engine/Render\ModelObject.h">
      <Filter>Header Files</Filter>
    </ClInclude>
    <ClInclude Include="Engine/Render\Particle.h">
      <Filter>Header Files</Filter>
    </ClInclude>
    <ClInclude Include="Engine/Render\ParticleSystem.h">
      <Filter>Header Files</Filter>
    </ClInclude>
    <ClInclude Include="Engine/Render\ParticleSystemGPU.h">
      <Filter>Header Files</Filter>
    </ClInclude>
    <ClInclude Include="Engine/Render\Plane.h">
      <Filter>Header Files</Filter>
    </ClInclude>
    <ClInclude Include="Engine/Render\Pyramid.h">
      <Filter>Header Files</Filter>
    </ClInclude>
    <ClInclude Include="Engine/Render\Shader.h">
      <Filter>Header Files</Filter>
    </ClInclude>
    <ClInclude Include="Engine/Render\ShaderLoader.h">
      <Filter>Header Files</Filter>
    </ClInclude>
    <ClInclude Include="Engine/Render\Sphere.h">
      <Filter>Header Files</Filter>
    </ClInclude>
    <ClInclude Include="Engine/Render\Triangle.h">
      <Filter>Header Files</Filter>
    </ClInclude>
    <ClInclude Include="Engine/Scene\Scene.h">
      <Filter>Header Files</Filter>
    </ClInclude>
    <ClInclude Include="Engine/Scene\SceneManager.h">
      <Filter>Header Files</Filter>
    </ClInclude>
    <ClInclude Include="Engine/Sound\SoundManager.h">
      <Filter>Header Files</Filter>
    </ClInclude>
    <ClInclude Include="Engine/System\LogManager.h">
      <Filter>Header Files</Filter>
    </ClInclude>
    <ClInclude Include="Engine/System\Math_3d.h">
      <Filter>Header Files</Filter>
    </ClInclude>
    <ClInclude Include="Engine/System\Time.h">
      <Filter>Header Files</Filter>
    </ClInclude>
    <ClInclude Include="Engine/System\Utils.h">
      <Filter>Header Files</Filter>
    </ClInclude>
    <ClInclude Include="Engine/UI\Cursor.h">
      <Filter>Header Files</Filter>
    </ClInclude>
    <ClInclude Include="Engine/UI\Text.h">
      <Filter>Header Files</Filter>
    </ClInclude>
    <ClInclude Include="Engine/UI\UIButton.h">
      <Filter>Header Files</Filter>
    </ClInclude>
    <ClInclude Include="Engine/UI\UIElement.h">
      <Filter>Header Files</Filter>
    </ClInclude>
    <ClInclude Include="Engine/UI\UIImage.h">
      <Filter>Header Files</Filter>
    </ClInclude>
    <ClInclude Include="Engine/UI\UISlider.h">
      <Filter>Header Files</Filter>
    </ClInclude>
    <ClInclude Include="Engine/UI\UIText.h">
      <Filter>Header Files</Filter>
    </ClInclude>
    <ClInclude Include="Engine/UI\UITextField.h">
      <Filter>Header Files</Filter>
    </ClInclude>
    <ClInclude Include="Engine/UI\Widget.h">
      <Filter>Header Files</Filter>
    </ClInclude>
    <ClInclude Include="Engine\Math\MathDefinitions.h">
      <Filter>Header Files</Filter>
    </ClInclude>
    <ClInclude Include="Engine\Math\Matrix.h">
      <Filter>Header Files</Filter>
    </ClInclude>
    <ClInclude Include="Engine\Math\Quaternion.h">
      <Filter>Header Files</Filter>
    </ClInclude>
    <ClInclude Include="Engine\Math\FTransform.h">
      <Filter>Header Files</Filter>
    </ClInclude>
    <ClInclude Include="Engine\Math\Rotator.h">
      <Filter>Header Files</Filter>
    </ClInclude>
    <ClInclude Include="Engine\Math\Vector.h">
      <Filter>Header Files</Filter>
    </ClInclude>
    <ClInclude Include="Engine\System\Delegates.h">
      <Filter>Header Files</Filter>
    </ClInclude>
    <ClInclude Include="Engine\System\EnumTypes.h">
      <Filter>Header Files</Filter>
    </ClInclude>
    <ClInclude Include="Game\Animation\ssAnimatedModel.h">
      <Filter>Header Files</Filter>
    </ClInclude>
    <ClInclude Include="Game\Players\Player.h">
      <Filter>Header Files</Filter>
    </ClInclude>
    <ClInclude Include="Game\Scenes\Level.h">
      <Filter>Header Files</Filter>
    </ClInclude>
    <ClInclude Include="Game\Scenes\Terrain.h">
      <Filter>Header Files</Filter>
    </ClInclude>
    <ClInclude Include="Game\TessMesh.h">
      <Filter>Header Files</Filter>
    </ClInclude>
  </ItemGroup>
</Project>