<?xml version="1.0" encoding="utf-8"?>
<Project ToolsVersion="4.0" xmlns="http://schemas.microsoft.com/developer/msbuild/2003">
  <ItemGroup>
    <Filter Include="Source Files">
      <UniqueIdentifier>{4FC737F1-C7A5-4376-A066-2A32D752A2FF}</UniqueIdentifier>
      <Extensions>cpp;c;cc;cxx;def;odl;idl;hpj;bat;asm;asmx</Extensions>
    </Filter>
    <Filter Include="Header Files">
      <UniqueIdentifier>{93995380-89BD-4b04-88EB-625FBE52EBFB}</UniqueIdentifier>
      <Extensions>h;hh;hpp;hxx;hm;inl;inc;ipp;xsd</Extensions>
    </Filter>
    <Filter Include="Engine">
      <UniqueIdentifier>{5bce25bb-be27-4777-ae5e-2d4448d5331f}</UniqueIdentifier>
    </Filter>
    <Filter Include="Engine\Sound">
      <UniqueIdentifier>{ba68b7b6-5b3c-488b-b347-72d1d60d4214}</UniqueIdentifier>
    </Filter>
    <Filter Include="Engine\Input">
      <UniqueIdentifier>{b1d8f493-35ee-4abc-8464-5587af06291b}</UniqueIdentifier>
    </Filter>
    <Filter Include="Engine\UI">
      <UniqueIdentifier>{b40eafe2-7764-4936-b321-1e00a4788d25}</UniqueIdentifier>
    </Filter>
    <Filter Include="Engine\Entity">
      <UniqueIdentifier>{e3ecb23e-288a-4a24-8f5d-015a8bb790d4}</UniqueIdentifier>
    </Filter>
    <Filter Include="Engine\Camera">
      <UniqueIdentifier>{8ae8d6dd-e6e7-4c16-937d-f54a613699fa}</UniqueIdentifier>
    </Filter>
    <Filter Include="Engine\Scene">
      <UniqueIdentifier>{edafde15-0bff-4aad-840b-aea97a117b15}</UniqueIdentifier>
    </Filter>
    <Filter Include="Engine\Render">
      <UniqueIdentifier>{92d72969-16a4-42ce-9a3d-bed733147721}</UniqueIdentifier>
    </Filter>
    <Filter Include="Engine\System">
      <UniqueIdentifier>{4cf312bc-7297-4db4-a79e-ac1ec555998e}</UniqueIdentifier>
    </Filter>
    <Filter Include="Game">
      <UniqueIdentifier>{b8d9dde6-9b56-4307-b2d0-471957d6206c}</UniqueIdentifier>
    </Filter>
    <Filter Include="Game\Scenes">
      <UniqueIdentifier>{ab102022-f959-4305-9ec9-bc2d3bd870fd}</UniqueIdentifier>
    </Filter>
    <Filter Include="Game\Players">
      <UniqueIdentifier>{8dd71471-2ae2-483a-bce6-c848e8325a74}</UniqueIdentifier>
    </Filter>
    <Filter Include="Game\Animation">
      <UniqueIdentifier>{c3453840-f57e-48f0-85b1-5b4fc724cfd6}</UniqueIdentifier>
    </Filter>
    <Filter Include="Engine\Editor">
      <UniqueIdentifier>{2f2d3934-e146-40d3-9329-6507e518e771}</UniqueIdentifier>
    </Filter>
  </ItemGroup>
  <ItemGroup>
    <ClCompile Include="main.cpp">
      <Filter>Source Files</Filter>
    </ClCompile>
    <ClCompile Include="Engine\Camera.cpp">
      <Filter>Engine\Camera</Filter>
    </ClCompile>
    <ClCompile Include="Engine\Cursor.cpp">
      <Filter>Engine\UI</Filter>
    </ClCompile>
    <ClCompile Include="Engine\Entity.cpp">
      <Filter>Engine\Entity</Filter>
    </ClCompile>
    <ClCompile Include="Engine\Input.cpp">
      <Filter>Engine\Input</Filter>
    </ClCompile>
    <ClCompile Include="Engine\Scene.cpp">
      <Filter>Engine\Scene</Filter>
    </ClCompile>
    <ClCompile Include="Engine\SceneManager.cpp">
      <Filter>Engine\Scene</Filter>
    </ClCompile>
    <ClCompile Include="Engine\ShaderLoader.cpp">
      <Filter>Engine\Render</Filter>
    </ClCompile>
    <ClCompile Include="Engine\Shader.cpp">
      <Filter>Engine\Render</Filter>
    </ClCompile>
    <ClCompile Include="Engine\SoundManager.cpp">
      <Filter>Engine\Sound</Filter>
    </ClCompile>
    <ClCompile Include="Engine\Text.cpp">
      <Filter>Engine\UI</Filter>
    </ClCompile>
    <ClCompile Include="Engine\UIButton.cpp">
      <Filter>Engine\UI</Filter>
    </ClCompile>
    <ClCompile Include="Engine\UIElement.cpp">
      <Filter>Engine\UI</Filter>
    </ClCompile>
    <ClCompile Include="Engine\UIImage.cpp">
      <Filter>Engine\UI</Filter>
    </ClCompile>
    <ClCompile Include="Engine\UISlider.cpp">
      <Filter>Engine\UI</Filter>
    </ClCompile>
    <ClCompile Include="Engine\UIText.cpp">
      <Filter>Engine\UI</Filter>
    </ClCompile>
    <ClCompile Include="Engine\Utils.cpp">
      <Filter>Engine\System</Filter>
    </ClCompile>
    <ClCompile Include="Engine\Mesh.cpp">
      <Filter>Engine\Render</Filter>
    </ClCompile>
    <ClCompile Include="Engine\Plane.cpp">
      <Filter>Engine\Render</Filter>
    </ClCompile>
    <ClCompile Include="Engine\Pyramid.cpp">
      <Filter>Engine\Render</Filter>
    </ClCompile>
    <ClCompile Include="Engine\Sphere.cpp">
      <Filter>Engine\Render</Filter>
    </ClCompile>
    <ClCompile Include="Engine\Lighting.cpp">
      <Filter>Engine\Render</Filter>
    </ClCompile>
    <ClCompile Include="Engine\Time.cpp">
      <Filter>Engine\System</Filter>
    </ClCompile>
    <ClCompile Include="Engine\Cube.cpp">
      <Filter>Engine\Render</Filter>
    </ClCompile>
    <ClCompile Include="Engine\CubeMap.cpp">
      <Filter>Engine\Render</Filter>
    </ClCompile>
    <ClCompile Include="Engine\UITextField.cpp">
      <Filter>Engine\UI</Filter>
    </ClCompile>
    <ClCompile Include="Engine\Model.cpp">
      <Filter>Engine\Render</Filter>
    </ClCompile>
    <ClCompile Include="Engine\CollisionBounds.cpp">
      <Filter>Engine\Entity</Filter>
    </ClCompile>
    <ClCompile Include="Engine\LogManager.cpp">
      <Filter>Engine\System</Filter>
    </ClCompile>
    <ClCompile Include="Level.cpp">
      <Filter>Game\Scenes</Filter>
    </ClCompile>
    <ClCompile Include="Engine\CXBOXController.cpp">
      <Filter>Engine\Input</Filter>
    </ClCompile>
    <ClCompile Include="Player.cpp">
      <Filter>Game\Players</Filter>
    </ClCompile>
    <ClCompile Include="Terrain.cpp">
      <Filter>Game</Filter>
    </ClCompile>
    <ClCompile Include="Engine\Triangle.cpp">
      <Filter>Engine\Render</Filter>
    </ClCompile>
    <ClCompile Include="Engine\GeometryObject.cpp">
      <Filter>Engine\Render</Filter>
    </ClCompile>
    <ClCompile Include="TessMesh.cpp">
      <Filter>Game</Filter>
    </ClCompile>
    <ClCompile Include="Engine\FrameBuffer.cpp">
      <Filter>Engine\Render</Filter>
    </ClCompile>
    <ClCompile Include="Engine\2DParticleSystem.cpp">
      <Filter>Engine\Entity</Filter>
    </ClCompile>
    <ClCompile Include="Engine\ParticleSystem.cpp">
      <Filter>Engine\Render</Filter>
    </ClCompile>
    <ClCompile Include="Engine\Particle.cpp">
      <Filter>Engine\Render</Filter>
    </ClCompile>
    <ClCompile Include="ssAnimatedModel.cpp">
      <Filter>Game\Animation</Filter>
    </ClCompile>
    <ClCompile Include="Engine\AnimatedModel.cpp">
      <Filter>Engine\Render</Filter>
    </ClCompile>
    <ClCompile Include="Engine\Math_3d.cpp">
      <Filter>Engine\System</Filter>
    </ClCompile>
    <ClCompile Include="Engine\ParticleSystemGPU.cpp">
      <Filter>Engine\Render</Filter>
    </ClCompile>
    <ClCompile Include="Engine\Button3DEntity.cpp">
      <Filter>Engine\Entity</Filter>
    </ClCompile>
    <ClCompile Include="Engine\Widget.cpp">
      <Filter>Engine\UI</Filter>
    </ClCompile>
    <ClCompile Include="Engine\EditorWindow.cpp">
      <Filter>Engine\Editor</Filter>
    </ClCompile>
    <ClCompile Include="Engine\EditorWindowManager.cpp">
      <Filter>Engine\Editor</Filter>
    </ClCompile>
    <ClCompile Include="TransformationWidget.cpp">
      <Filter>Engine\Editor</Filter>
    </ClCompile>
  </ItemGroup>
  <ItemGroup>
    <ClInclude Include="Engine\Camera.h">
      <Filter>Engine\Camera</Filter>
    </ClInclude>
    <ClInclude Include="Engine\Cursor.h">
      <Filter>Engine\UI</Filter>
    </ClInclude>
    <ClInclude Include="Engine\Entity.h">
      <Filter>Engine\Entity</Filter>
    </ClInclude>
    <ClInclude Include="Engine\Input.h">
      <Filter>Engine\Input</Filter>
    </ClInclude>
    <ClInclude Include="Engine\Scene.h">
      <Filter>Engine\Scene</Filter>
    </ClInclude>
    <ClInclude Include="Engine\SceneManager.h">
      <Filter>Engine\Scene</Filter>
    </ClInclude>
    <ClInclude Include="Engine\ShaderLoader.h">
      <Filter>Engine\Render</Filter>
    </ClInclude>
    <ClInclude Include="Engine\Shader.h">
      <Filter>Engine\Render</Filter>
    </ClInclude>
    <ClInclude Include="Engine\SoundManager.h">
      <Filter>Engine\Sound</Filter>
    </ClInclude>
    <ClInclude Include="Engine\Text.h">
      <Filter>Engine\UI</Filter>
    </ClInclude>
    <ClInclude Include="Engine\UIButton.h">
      <Filter>Engine\UI</Filter>
    </ClInclude>
    <ClInclude Include="Engine\UIElement.h">
      <Filter>Engine\UI</Filter>
    </ClInclude>
    <ClInclude Include="Engine\UIImage.h">
      <Filter>Engine\UI</Filter>
    </ClInclude>
    <ClInclude Include="Engine\UISlider.h">
      <Filter>Engine\UI</Filter>
    </ClInclude>
    <ClInclude Include="Engine\UIText.h">
      <Filter>Engine\UI</Filter>
    </ClInclude>
    <ClInclude Include="Engine\Time.h">
      <Filter>Engine\System</Filter>
    </ClInclude>
    <ClInclude Include="Engine\Utils.h">
      <Filter>Engine\System</Filter>
    </ClInclude>
    <ClInclude Include="Engine\Mesh.h">
      <Filter>Engine\Render</Filter>
    </ClInclude>
    <ClInclude Include="Engine\Plane.h">
      <Filter>Engine\Render</Filter>
    </ClInclude>
    <ClInclude Include="Engine\Pyramid.h">
      <Filter>Engine\Render</Filter>
    </ClInclude>
    <ClInclude Include="Engine\Sphere.h">
      <Filter>Engine\Render</Filter>
    </ClInclude>
    <ClInclude Include="Engine\Lighting.h">
      <Filter>Engine\Render</Filter>
    </ClInclude>
    <ClInclude Include="Engine\Cube.h">
      <Filter>Engine\Render</Filter>
    </ClInclude>
    <ClInclude Include="Engine\CubeMap.h">
      <Filter>Engine\Render</Filter>
    </ClInclude>
    <ClInclude Include="Engine\UITextField.h">
      <Filter>Engine\UI</Filter>
    </ClInclude>
    <ClInclude Include="Engine\Model.h">
      <Filter>Engine\Render</Filter>
    </ClInclude>
    <ClInclude Include="Engine\CollisionBounds.h">
      <Filter>Engine\Entity</Filter>
    </ClInclude>
    <ClInclude Include="Engine\ModelMesh.h">
      <Filter>Engine\Render</Filter>
    </ClInclude>
    <ClInclude Include="Engine\ModelObject.h">
      <Filter>Engine\Render</Filter>
    </ClInclude>
    <ClInclude Include="Engine\LogManager.h">
      <Filter>Engine\System</Filter>
    </ClInclude>
    <ClInclude Include="Level.h">
      <Filter>Game\Scenes</Filter>
    </ClInclude>
    <ClInclude Include="Engine\CXBOXController.h">
      <Filter>Engine\Input</Filter>
    </ClInclude>
    <ClInclude Include="Player.h">
      <Filter>Game\Players</Filter>
    </ClInclude>
    <ClInclude Include="Terrain.h">
      <Filter>Game</Filter>
    </ClInclude>
    <ClInclude Include="Engine\Triangle.h">
      <Filter>Engine\Render</Filter>
    </ClInclude>
    <ClInclude Include="Engine\GeometryObject.h">
      <Filter>Engine\Render</Filter>
    </ClInclude>
    <ClInclude Include="TessMesh.h">
      <Filter>Game</Filter>
    </ClInclude>
    <ClInclude Include="Engine\FrameBuffer.h">
      <Filter>Engine\Render</Filter>
    </ClInclude>
    <ClInclude Include="Engine\2DParticleSystem.h">
      <Filter>Engine\Entity</Filter>
    </ClInclude>
    <ClInclude Include="Engine\ParticleSystem.h">
      <Filter>Engine\Render</Filter>
    </ClInclude>
    <ClInclude Include="Engine\Particle.h">
      <Filter>Engine\Render</Filter>
    </ClInclude>
    <ClInclude Include="ssAnimatedModel.h">
      <Filter>Game\Animation</Filter>
    </ClInclude>
    <ClInclude Include="Engine\AnimatedModel.h">
      <Filter>Engine\Render</Filter>
    </ClInclude>
    <ClInclude Include="Engine\Math_3d.h">
      <Filter>Engine\System</Filter>
    </ClInclude>
    <ClInclude Include="Engine\ParticleSystemGPU.h">
      <Filter>Engine\Render</Filter>
    </ClInclude>
    <ClInclude Include="Engine\Button3DEntity.h">
      <Filter>Engine\Entity</Filter>
    </ClInclude>
    <ClInclude Include="Engine\Widget.h">
      <Filter>Engine\UI</Filter>
    </ClInclude>
    <ClInclude Include="Engine\EditorWindow.h">
      <Filter>Engine\Editor</Filter>
    </ClInclude>
    <ClInclude Include="Engine\EditorWindowManager.h">
      <Filter>Engine\Editor</Filter>
    </ClInclude>
    <ClInclude Include="TransformationWidget.h">
      <Filter>Engine\Editor</Filter>
    </ClInclude>
  </ItemGroup>
</Project>